
Microsoft Visual Studio Solution File, Format Version 12.00
# Visual Studio Version 17
VisualStudioVersion = 17.11.35327.3
MinimumVisualStudioVersion = 10.0.40219.1
Project("{2150E333-8FDC-42A3-9474-1A3956D46DE8}") = "src", "src", "{5FA27000-94E6-490E-8DD1-A62C853DD839}"
EndProject
Project("{2150E333-8FDC-42A3-9474-1A3956D46DE8}") = "tests", "tests", "{7AF346F4-4F13-4F4B-AE39-8684A0B91695}"
EndProject
Project("{FAE04EC0-301F-11D3-BF4B-00C04F79EFBC}") = "OrderManagement.API", "src\OrderManagement.API\OrderManagement.API.csproj", "{88F6E607-0679-4249-9CFB-904DB799F1CC}"
EndProject
Global
	GlobalSection(SolutionConfigurationPlatforms) = preSolution
		Debug|Any CPU = Debug|Any CPU
		Release|Any CPU = Release|Any CPU
	EndGlobalSection
	GlobalSection(ProjectConfigurationPlatforms) = postSolution
		{88F6E607-0679-4249-9CFB-904DB799F1CC}.Debug|Any CPU.ActiveCfg = Debug|Any CPU
		{88F6E607-0679-4249-9CFB-904DB799F1CC}.Debug|Any CPU.Build.0 = Debug|Any CPU
		{88F6E607-0679-4249-9CFB-904DB799F1CC}.Release|Any CPU.ActiveCfg = Release|Any CPU
		{88F6E607-0679-4249-9CFB-904DB799F1CC}.Release|Any CPU.Build.0 = Release|Any CPU
	EndGlobalSection
	GlobalSection(SolutionProperties) = preSolution
		HideSolutionNode = FALSE
	EndGlobalSection
	GlobalSection(NestedProjects) = preSolution
		{88F6E607-0679-4249-9CFB-904DB799F1CC} = {5FA27000-94E6-490E-8DD1-A62C853DD839}
	EndGlobalSection
	GlobalSection(ExtensibilityGlobals) = postSolution
		SolutionGuid = {2EFA766B-CB49-4CE3-A413-5AA6AFD5AB26}
	EndGlobalSection
EndGlobal
